# THIS IS AN AUTOGENERATED FILE. DO NOT EDIT THIS FILE DIRECTLY.
# yarn lockfile v1


"@types/bun@latest":
  version "1.2.17"
  resolved "https://registry.yarnpkg.com/@types/bun/-/bun-1.2.17.tgz#b561ecd885c41dafd259c60097981a2d16515a01"
  integrity sha512-l/BYs/JYt+cXA/0+wUhulYJB6a6p//GTPiJ7nV+QHa8iiId4HZmnu/3J/SowP5g0rTiERY2kfGKXEK5Ehltx4Q==
  dependencies:
    bun-types "1.2.17"

"@types/node@*":
  version "24.0.4"
  resolved "https://registry.yarnpkg.com/@types/node/-/node-24.0.4.tgz#dbae889912bda33a7f57669fb8587c1a56bc0c1f"
  integrity sha512-ulyqAkrhnuNq9pB76DRBTkcS6YsmDALy6Ua63V8OhrOBgbcYt6IOdzpw5P1+dyRIyMerzLkeYWBeOXPpA9GMAA==
  dependencies:
    undici-types "~7.8.0"

bun-types@1.2.17:
  version "1.2.17"
  resolved "https://registry.yarnpkg.com/bun-types/-/bun-types-1.2.17.tgz#6b48b30080059acc77a2a9d2c6d17cc8e1c18c15"
  integrity sha512-ElC7ItwT3SCQwYZDYoAH+q6KT4Fxjl8DtZ6qDulUFBmXA8YB4xo+l54J9ZJN+k2pphfn9vk7kfubeSd5QfTVJQ==
  dependencies:
    "@types/node" "*"

undici-types@~7.8.0:
  version "7.8.0"
  resolved "https://registry.yarnpkg.com/undici-types/-/undici-types-7.8.0.tgz#de00b85b710c54122e44fbfd911f8d70174cd294"
  integrity sha512-9UJ2xGDvQ43tYyVMpuHlsgApydB8ZKfVYTsLDhXkFL/6gfkp+U8xTGdh8pMJv1SpZna0zxG1DwsKZsreLbXBxw==
